
Microsoft Visual Studio Solution File, Format Version 12.00
Project("{FAE04EC0-301F-11D3-BF4B-00C04F79EFBC}") = "pz-5", "pz-5\pz-5.csproj", "{0BB18451-D1CD-462C-830D-97A0C5950110}"
EndProject
Project("{FAE04EC0-301F-11D3-BF4B-00C04F79EFBC}") = "pz-6", "pz-6\pz-6.csproj", "{3F4C3101-61EB-42E9-94FF-3179E18160CE}"
EndProject
Project("{FAE04EC0-301F-11D3-BF4B-00C04F79EFBC}") = "pz-7", "pz-7\pz-7.csproj", "{66BAE88D-4B45-4F5D-B9D8-9A6BCC55413D}"
EndProject
Project("{FAE04EC0-301F-11D3-BF4B-00C04F79EFBC}") = "pz-8", "pz-8\pz-8.csproj", "{154F2271-C48F-461C-86C1-4ECED256A32C}"
EndProject
Project("{FAE04EC0-301F-11D3-BF4B-00C04F79EFBC}") = "pz-9", "pz-9\pz-9.csproj", "{E879C2D4-9A6E-4939-9B6B-5050B4803204}"
EndProject
Project("{FAE04EC0-301F-11D3-BF4B-00C04F79EFBC}") = "pz-10", "pz-10\pz-10.csproj", "{33D60F15-3C16-4C1D-92E8-F36E3552A67C}"
EndProject
Project("{FAE04EC0-301F-11D3-BF4B-00C04F79EFBC}") = "pz-11", "pz-11\pz-11.csproj", "{E0B9323E-1174-47C4-9456-23F2ED7269EF}"
EndProject
Global
	GlobalSection(SolutionConfigurationPlatforms) = preSolution
		Debug|Any CPU = Debug|Any CPU
		Release|Any CPU = Release|Any CPU
	EndGlobalSection
	GlobalSection(ProjectConfigurationPlatforms) = postSolution
		{0BB18451-D1CD-462C-830D-97A0C5950110}.Debug|Any CPU.ActiveCfg = Debug|Any CPU
		{0BB18451-D1CD-462C-830D-97A0C5950110}.Release|Any CPU.ActiveCfg = Release|Any CPU
		{0BB18451-D1CD-462C-830D-97A0C5950110}.Release|Any CPU.Build.0 = Release|Any CPU
		{3F4C3101-61EB-42E9-94FF-3179E18160CE}.Debug|Any CPU.ActiveCfg = Debug|Any CPU
		{3F4C3101-61EB-42E9-94FF-3179E18160CE}.Debug|Any CPU.Build.0 = Debug|Any CPU
		{3F4C3101-61EB-42E9-94FF-3179E18160CE}.Release|Any CPU.ActiveCfg = Release|Any CPU
		{3F4C3101-61EB-42E9-94FF-3179E18160CE}.Release|Any CPU.Build.0 = Release|Any CPU
		{66BAE88D-4B45-4F5D-B9D8-9A6BCC55413D}.Debug|Any CPU.ActiveCfg = Debug|Any CPU
		{66BAE88D-4B45-4F5D-B9D8-9A6BCC55413D}.Debug|Any CPU.Build.0 = Debug|Any CPU
		{66BAE88D-4B45-4F5D-B9D8-9A6BCC55413D}.Release|Any CPU.ActiveCfg = Release|Any CPU
		{66BAE88D-4B45-4F5D-B9D8-9A6BCC55413D}.Release|Any CPU.Build.0 = Release|Any CPU
		{154F2271-C48F-461C-86C1-4ECED256A32C}.Debug|Any CPU.ActiveCfg = Debug|Any CPU
		{154F2271-C48F-461C-86C1-4ECED256A32C}.Debug|Any CPU.Build.0 = Debug|Any CPU
		{154F2271-C48F-461C-86C1-4ECED256A32C}.Release|Any CPU.ActiveCfg = Release|Any CPU
		{154F2271-C48F-461C-86C1-4ECED256A32C}.Release|Any CPU.Build.0 = Release|Any CPU
		{E879C2D4-9A6E-4939-9B6B-5050B4803204}.Debug|Any CPU.ActiveCfg = Debug|Any CPU
		{E879C2D4-9A6E-4939-9B6B-5050B4803204}.Debug|Any CPU.Build.0 = Debug|Any CPU
		{E879C2D4-9A6E-4939-9B6B-5050B4803204}.Release|Any CPU.ActiveCfg = Release|Any CPU
		{E879C2D4-9A6E-4939-9B6B-5050B4803204}.Release|Any CPU.Build.0 = Release|Any CPU
		{33D60F15-3C16-4C1D-92E8-F36E3552A67C}.Debug|Any CPU.ActiveCfg = Debug|Any CPU
		{33D60F15-3C16-4C1D-92E8-F36E3552A67C}.Debug|Any CPU.Build.0 = Debug|Any CPU
		{33D60F15-3C16-4C1D-92E8-F36E3552A67C}.Release|Any CPU.ActiveCfg = Release|Any CPU
		{33D60F15-3C16-4C1D-92E8-F36E3552A67C}.Release|Any CPU.Build.0 = Release|Any CPU
		{E0B9323E-1174-47C4-9456-23F2ED7269EF}.Debug|Any CPU.ActiveCfg = Debug|Any CPU
		{E0B9323E-1174-47C4-9456-23F2ED7269EF}.Debug|Any CPU.Build.0 = Debug|Any CPU
		{E0B9323E-1174-47C4-9456-23F2ED7269EF}.Release|Any CPU.ActiveCfg = Release|Any CPU
		{E0B9323E-1174-47C4-9456-23F2ED7269EF}.Release|Any CPU.Build.0 = Release|Any CPU
	EndGlobalSection
EndGlobal
