
Microsoft Visual Studio Solution File, Format Version 12.00
Project("{FAE04EC0-301F-11D3-BF4B-00C04F79EFBC}") = "pz-5", "pz-5\pz-5.csproj", "{0BB18451-D1CD-462C-830D-97A0C5950110}"
EndProject
Project("{FAE04EC0-301F-11D3-BF4B-00C04F79EFBC}") = "pz-6", "pz-6\pz-6.csproj", "{3F4C3101-61EB-42E9-94FF-3179E18160CE}"
EndProject
Project("{FAE04EC0-301F-11D3-BF4B-00C04F79EFBC}") = "pz-7", "pz-7\pz-7.csproj", "{66BAE88D-4B45-4F5D-B9D8-9A6BCC55413D}"
EndProject
Project("{FAE04EC0-301F-11D3-BF4B-00C04F79EFBC}") = "pz-8", "pz-8\pz-8.csproj", "{154F2271-C48F-461C-86C1-4ECED256A32C}"
EndProject
Project("{FAE04EC0-301F-11D3-BF4B-00C04F79EFBC}") = "pz-9", "pz-9\pz-9.csproj", "{E879C2D4-9A6E-4939-9B6B-5050B4803204}"
EndProject
Project("{FAE04EC0-301F-11D3-BF4B-00C04F79EFBC}") = "pz-10", "pz-10\pz-10.csproj", "{33D60F15-3C16-4C1D-92E8-F36E3552A67C}"
EndProject
Project("{FAE04EC0-301F-11D3-BF4B-00C04F79EFBC}") = "pz-11", "pz-11\pz-11.csproj", "{E0B9323E-1174-47C4-9456-23F2ED7269EF}"
EndProject
Project("{FAE04EC0-301F-11D3-BF4B-00C04F79EFBC}") = "pz-12", "pz-12\pz-12.csproj", "{FA55F195-6C5A-49F7-A059-4046401546DE}"
EndProject
Project("{FAE04EC0-301F-11D3-BF4B-00C04F79EFBC}") = "pz-13", "pz-13\pz-13.csproj", "{5EC1235D-6C19-42A3-B698-BB4CA082026F}"
EndProject
Project("{FAE04EC0-301F-11D3-BF4B-00C04F79EFBC}") = "pz-14", "pz-14\pz-14.csproj", "{A0454413-B822-4532-AB43-A17DCAB78336}"
EndProject
Project("{FAE04EC0-301F-11D3-BF4B-00C04F79EFBC}") = "pz-18", "pz-18\pz-18.csproj", "{F6C9B369-6B32-4D66-A058-602AE6E6F03D}"
EndProject
Project("{FAE04EC0-301F-11D3-BF4B-00C04F79EFBC}") = "pz-15", "pz-15\pz-15.csproj", "{87756835-DC54-457B-81A3-0D9B515FB18D}"
EndProject
Project("{FAE04EC0-301F-11D3-BF4B-00C04F79EFBC}") = "pz-16", "pz-16\pz-16.csproj", "{8AE1BF95-CE7B-43CD-81D8-0C1F3FBDD7A2}"
EndProject
Project("{FAE04EC0-301F-11D3-BF4B-00C04F79EFBC}") = "pz-19", "pz-19\pz-19.csproj", "{6C9B87E6-E85F-41F4-8321-6C49B7BE9745}"
EndProject
Project("{FAE04EC0-301F-11D3-BF4B-00C04F79EFBC}") = "pz-21", "pz-21\pz-21.csproj", "{2C84473F-E80F-4171-98C5-9DCB8D886E3E}"
EndProject
Project("{FAE04EC0-301F-11D3-BF4B-00C04F79EFBC}") = "pz-26", "pz-26\pz-26.csproj", "{500E0166-9F1D-4851-9B5C-7328B193E5DB}"
EndProject
Project("{FAE04EC0-301F-11D3-BF4B-00C04F79EFBC}") = "pz-22", "pz-22\pz-22.csproj", "{9194E4DE-95EA-4E7F-BB8C-FE4B2FE70C4A}"
EndProject
Project("{FAE04EC0-301F-11D3-BF4B-00C04F79EFBC}") = "pz-23", "pz-23\pz-23.csproj", "{16739D83-85B5-49D0-979F-CA24763DDAFC}"
EndProject
Project("{FAE04EC0-301F-11D3-BF4B-00C04F79EFBC}") = "pz-28", "pz-28\pz-28.csproj", "{42BB7332-66D1-4676-962D-68E976CD92F9}"
EndProject
Project("{FAE04EC0-301F-11D3-BF4B-00C04F79EFBC}") = "pz-24", "pz-24\pz-24.csproj", "{18CDA389-CD88-4DF0-963F-7E2480120628}"
EndProject
Project("{FAE04EC0-301F-11D3-BF4B-00C04F79EFBC}") = "pz-27", "pz-27\pz-27.csproj", "{F7A0279F-1906-4E90-AAFD-6A7BB92E5017}"
EndProject
Global
	GlobalSection(SolutionConfigurationPlatforms) = preSolution
		Debug|Any CPU = Debug|Any CPU
		Release|Any CPU = Release|Any CPU
	EndGlobalSection
	GlobalSection(ProjectConfigurationPlatforms) = postSolution
		{0BB18451-D1CD-462C-830D-97A0C5950110}.Debug|Any CPU.ActiveCfg = Debug|Any CPU
		{0BB18451-D1CD-462C-830D-97A0C5950110}.Release|Any CPU.ActiveCfg = Release|Any CPU
		{0BB18451-D1CD-462C-830D-97A0C5950110}.Release|Any CPU.Build.0 = Release|Any CPU
		{3F4C3101-61EB-42E9-94FF-3179E18160CE}.Debug|Any CPU.ActiveCfg = Debug|Any CPU
		{3F4C3101-61EB-42E9-94FF-3179E18160CE}.Debug|Any CPU.Build.0 = Debug|Any CPU
		{3F4C3101-61EB-42E9-94FF-3179E18160CE}.Release|Any CPU.ActiveCfg = Release|Any CPU
		{3F4C3101-61EB-42E9-94FF-3179E18160CE}.Release|Any CPU.Build.0 = Release|Any CPU
		{66BAE88D-4B45-4F5D-B9D8-9A6BCC55413D}.Debug|Any CPU.ActiveCfg = Debug|Any CPU
		{66BAE88D-4B45-4F5D-B9D8-9A6BCC55413D}.Debug|Any CPU.Build.0 = Debug|Any CPU
		{66BAE88D-4B45-4F5D-B9D8-9A6BCC55413D}.Release|Any CPU.ActiveCfg = Release|Any CPU
		{66BAE88D-4B45-4F5D-B9D8-9A6BCC55413D}.Release|Any CPU.Build.0 = Release|Any CPU
		{154F2271-C48F-461C-86C1-4ECED256A32C}.Debug|Any CPU.ActiveCfg = Debug|Any CPU
		{154F2271-C48F-461C-86C1-4ECED256A32C}.Debug|Any CPU.Build.0 = Debug|Any CPU
		{154F2271-C48F-461C-86C1-4ECED256A32C}.Release|Any CPU.ActiveCfg = Release|Any CPU
		{154F2271-C48F-461C-86C1-4ECED256A32C}.Release|Any CPU.Build.0 = Release|Any CPU
		{E879C2D4-9A6E-4939-9B6B-5050B4803204}.Debug|Any CPU.ActiveCfg = Debug|Any CPU
		{E879C2D4-9A6E-4939-9B6B-5050B4803204}.Debug|Any CPU.Build.0 = Debug|Any CPU
		{E879C2D4-9A6E-4939-9B6B-5050B4803204}.Release|Any CPU.ActiveCfg = Release|Any CPU
		{E879C2D4-9A6E-4939-9B6B-5050B4803204}.Release|Any CPU.Build.0 = Release|Any CPU
		{33D60F15-3C16-4C1D-92E8-F36E3552A67C}.Debug|Any CPU.ActiveCfg = Debug|Any CPU
		{33D60F15-3C16-4C1D-92E8-F36E3552A67C}.Debug|Any CPU.Build.0 = Debug|Any CPU
		{33D60F15-3C16-4C1D-92E8-F36E3552A67C}.Release|Any CPU.ActiveCfg = Release|Any CPU
		{33D60F15-3C16-4C1D-92E8-F36E3552A67C}.Release|Any CPU.Build.0 = Release|Any CPU
		{E0B9323E-1174-47C4-9456-23F2ED7269EF}.Debug|Any CPU.ActiveCfg = Debug|Any CPU
		{E0B9323E-1174-47C4-9456-23F2ED7269EF}.Debug|Any CPU.Build.0 = Debug|Any CPU
		{E0B9323E-1174-47C4-9456-23F2ED7269EF}.Release|Any CPU.ActiveCfg = Release|Any CPU
		{E0B9323E-1174-47C4-9456-23F2ED7269EF}.Release|Any CPU.Build.0 = Release|Any CPU
		{FA55F195-6C5A-49F7-A059-4046401546DE}.Debug|Any CPU.ActiveCfg = Debug|Any CPU
		{FA55F195-6C5A-49F7-A059-4046401546DE}.Debug|Any CPU.Build.0 = Debug|Any CPU
		{FA55F195-6C5A-49F7-A059-4046401546DE}.Release|Any CPU.ActiveCfg = Release|Any CPU
		{FA55F195-6C5A-49F7-A059-4046401546DE}.Release|Any CPU.Build.0 = Release|Any CPU
		{5EC1235D-6C19-42A3-B698-BB4CA082026F}.Debug|Any CPU.ActiveCfg = Debug|Any CPU
		{5EC1235D-6C19-42A3-B698-BB4CA082026F}.Debug|Any CPU.Build.0 = Debug|Any CPU
		{5EC1235D-6C19-42A3-B698-BB4CA082026F}.Release|Any CPU.ActiveCfg = Release|Any CPU
		{5EC1235D-6C19-42A3-B698-BB4CA082026F}.Release|Any CPU.Build.0 = Release|Any CPU
		{A0454413-B822-4532-AB43-A17DCAB78336}.Debug|Any CPU.ActiveCfg = Debug|Any CPU
		{A0454413-B822-4532-AB43-A17DCAB78336}.Debug|Any CPU.Build.0 = Debug|Any CPU
		{A0454413-B822-4532-AB43-A17DCAB78336}.Release|Any CPU.ActiveCfg = Release|Any CPU
		{A0454413-B822-4532-AB43-A17DCAB78336}.Release|Any CPU.Build.0 = Release|Any CPU
		{F6C9B369-6B32-4D66-A058-602AE6E6F03D}.Debug|Any CPU.ActiveCfg = Debug|Any CPU
		{F6C9B369-6B32-4D66-A058-602AE6E6F03D}.Debug|Any CPU.Build.0 = Debug|Any CPU
		{F6C9B369-6B32-4D66-A058-602AE6E6F03D}.Release|Any CPU.ActiveCfg = Release|Any CPU
		{F6C9B369-6B32-4D66-A058-602AE6E6F03D}.Release|Any CPU.Build.0 = Release|Any CPU
		{87756835-DC54-457B-81A3-0D9B515FB18D}.Debug|Any CPU.ActiveCfg = Debug|Any CPU
		{87756835-DC54-457B-81A3-0D9B515FB18D}.Debug|Any CPU.Build.0 = Debug|Any CPU
		{87756835-DC54-457B-81A3-0D9B515FB18D}.Release|Any CPU.ActiveCfg = Release|Any CPU
		{87756835-DC54-457B-81A3-0D9B515FB18D}.Release|Any CPU.Build.0 = Release|Any CPU
		{8AE1BF95-CE7B-43CD-81D8-0C1F3FBDD7A2}.Debug|Any CPU.ActiveCfg = Debug|Any CPU
		{8AE1BF95-CE7B-43CD-81D8-0C1F3FBDD7A2}.Debug|Any CPU.Build.0 = Debug|Any CPU
		{8AE1BF95-CE7B-43CD-81D8-0C1F3FBDD7A2}.Release|Any CPU.ActiveCfg = Release|Any CPU
		{8AE1BF95-CE7B-43CD-81D8-0C1F3FBDD7A2}.Release|Any CPU.Build.0 = Release|Any CPU
		{6C9B87E6-E85F-41F4-8321-6C49B7BE9745}.Debug|Any CPU.ActiveCfg = Debug|Any CPU
		{6C9B87E6-E85F-41F4-8321-6C49B7BE9745}.Debug|Any CPU.Build.0 = Debug|Any CPU
		{6C9B87E6-E85F-41F4-8321-6C49B7BE9745}.Release|Any CPU.ActiveCfg = Release|Any CPU
		{6C9B87E6-E85F-41F4-8321-6C49B7BE9745}.Release|Any CPU.Build.0 = Release|Any CPU
		{2C84473F-E80F-4171-98C5-9DCB8D886E3E}.Debug|Any CPU.ActiveCfg = Debug|Any CPU
		{2C84473F-E80F-4171-98C5-9DCB8D886E3E}.Debug|Any CPU.Build.0 = Debug|Any CPU
		{2C84473F-E80F-4171-98C5-9DCB8D886E3E}.Release|Any CPU.ActiveCfg = Release|Any CPU
		{2C84473F-E80F-4171-98C5-9DCB8D886E3E}.Release|Any CPU.Build.0 = Release|Any CPU
		{500E0166-9F1D-4851-9B5C-7328B193E5DB}.Debug|Any CPU.ActiveCfg = Debug|Any CPU
		{500E0166-9F1D-4851-9B5C-7328B193E5DB}.Debug|Any CPU.Build.0 = Debug|Any CPU
		{500E0166-9F1D-4851-9B5C-7328B193E5DB}.Release|Any CPU.ActiveCfg = Release|Any CPU
		{500E0166-9F1D-4851-9B5C-7328B193E5DB}.Release|Any CPU.Build.0 = Release|Any CPU
		{3649483D-0518-4099-8F5E-05859255BA08}.Debug|Any CPU.ActiveCfg = Debug|Any CPU
		{3649483D-0518-4099-8F5E-05859255BA08}.Debug|Any CPU.Build.0 = Debug|Any CPU
		{3649483D-0518-4099-8F5E-05859255BA08}.Release|Any CPU.ActiveCfg = Release|Any CPU
		{3649483D-0518-4099-8F5E-05859255BA08}.Release|Any CPU.Build.0 = Release|Any CPU
		{CC15C1A4-6FE0-4761-AD69-84ABECD7FDD6}.Debug|Any CPU.ActiveCfg = Debug|Any CPU
		{CC15C1A4-6FE0-4761-AD69-84ABECD7FDD6}.Debug|Any CPU.Build.0 = Debug|Any CPU
		{CC15C1A4-6FE0-4761-AD69-84ABECD7FDD6}.Release|Any CPU.ActiveCfg = Release|Any CPU
		{CC15C1A4-6FE0-4761-AD69-84ABECD7FDD6}.Release|Any CPU.Build.0 = Release|Any CPU
		{027E0271-7CCB-4A2A-B887-695E39D08750}.Debug|Any CPU.ActiveCfg = Debug|Any CPU
		{027E0271-7CCB-4A2A-B887-695E39D08750}.Debug|Any CPU.Build.0 = Debug|Any CPU
		{027E0271-7CCB-4A2A-B887-695E39D08750}.Release|Any CPU.ActiveCfg = Release|Any CPU
		{027E0271-7CCB-4A2A-B887-695E39D08750}.Release|Any CPU.Build.0 = Release|Any CPU
		{829B1B7F-0226-42B0-95BB-2533D8C6ED7E}.Debug|Any CPU.ActiveCfg = Debug|Any CPU
		{829B1B7F-0226-42B0-95BB-2533D8C6ED7E}.Debug|Any CPU.Build.0 = Debug|Any CPU
		{829B1B7F-0226-42B0-95BB-2533D8C6ED7E}.Release|Any CPU.ActiveCfg = Release|Any CPU
		{829B1B7F-0226-42B0-95BB-2533D8C6ED7E}.Release|Any CPU.Build.0 = Release|Any CPU
		{2459819D-BC82-44CE-806C-07CBC434CB3A}.Debug|Any CPU.ActiveCfg = Debug|Any CPU
		{2459819D-BC82-44CE-806C-07CBC434CB3A}.Debug|Any CPU.Build.0 = Debug|Any CPU
		{2459819D-BC82-44CE-806C-07CBC434CB3A}.Release|Any CPU.ActiveCfg = Release|Any CPU
		{2459819D-BC82-44CE-806C-07CBC434CB3A}.Release|Any CPU.Build.0 = Release|Any CPU
		{9194E4DE-95EA-4E7F-BB8C-FE4B2FE70C4A}.Debug|Any CPU.ActiveCfg = Debug|Any CPU
		{9194E4DE-95EA-4E7F-BB8C-FE4B2FE70C4A}.Debug|Any CPU.Build.0 = Debug|Any CPU
		{9194E4DE-95EA-4E7F-BB8C-FE4B2FE70C4A}.Release|Any CPU.ActiveCfg = Release|Any CPU
		{9194E4DE-95EA-4E7F-BB8C-FE4B2FE70C4A}.Release|Any CPU.Build.0 = Release|Any CPU
		{16739D83-85B5-49D0-979F-CA24763DDAFC}.Debug|Any CPU.ActiveCfg = Debug|Any CPU
		{16739D83-85B5-49D0-979F-CA24763DDAFC}.Debug|Any CPU.Build.0 = Debug|Any CPU
		{16739D83-85B5-49D0-979F-CA24763DDAFC}.Release|Any CPU.ActiveCfg = Release|Any CPU
		{16739D83-85B5-49D0-979F-CA24763DDAFC}.Release|Any CPU.Build.0 = Release|Any CPU
		{42BB7332-66D1-4676-962D-68E976CD92F9}.Debug|Any CPU.ActiveCfg = Debug|Any CPU
		{42BB7332-66D1-4676-962D-68E976CD92F9}.Debug|Any CPU.Build.0 = Debug|Any CPU
		{42BB7332-66D1-4676-962D-68E976CD92F9}.Release|Any CPU.ActiveCfg = Release|Any CPU
		{42BB7332-66D1-4676-962D-68E976CD92F9}.Release|Any CPU.Build.0 = Release|Any CPU
		{18CDA389-CD88-4DF0-963F-7E2480120628}.Debug|Any CPU.ActiveCfg = Debug|Any CPU
		{18CDA389-CD88-4DF0-963F-7E2480120628}.Debug|Any CPU.Build.0 = Debug|Any CPU
		{18CDA389-CD88-4DF0-963F-7E2480120628}.Release|Any CPU.ActiveCfg = Release|Any CPU
		{18CDA389-CD88-4DF0-963F-7E2480120628}.Release|Any CPU.Build.0 = Release|Any CPU
		{F7A0279F-1906-4E90-AAFD-6A7BB92E5017}.Debug|Any CPU.ActiveCfg = Debug|Any CPU
		{F7A0279F-1906-4E90-AAFD-6A7BB92E5017}.Debug|Any CPU.Build.0 = Debug|Any CPU
		{F7A0279F-1906-4E90-AAFD-6A7BB92E5017}.Release|Any CPU.ActiveCfg = Release|Any CPU
		{F7A0279F-1906-4E90-AAFD-6A7BB92E5017}.Release|Any CPU.Build.0 = Release|Any CPU
	EndGlobalSection
EndGlobal
